
Microsoft Visual Studio Solution File, Format Version 11.00
# Visual Studio 2010
Project("{F2A71F9B-5D33-465A-A702-920D77279786}") = "Barnes-Hut", "Barnes-Hut.fsproj", "{C4F72A98-F778-465B-ACE2-B3BEF56CBA2A}"
EndProject
Global
	GlobalSection(SolutionConfigurationPlatforms) = preSolution
		Debug|x86 = Debug|x86
		release-sequential|x86 = release-sequential|x86
		release-parallel|x86 = release-parallel|x86
	EndGlobalSection
	GlobalSection(ProjectConfigurationPlatforms) = postSolution
		{C4F72A98-F778-465B-ACE2-B3BEF56CBA2A}.Debug|x86.ActiveCfg = Debug|x86
		{C4F72A98-F778-465B-ACE2-B3BEF56CBA2A}.Debug|x86.Build.0 = Debug|x86
		{C4F72A98-F778-465B-ACE2-B3BEF56CBA2A}.release-sequential|x86.ActiveCfg = release-sequential|x86
		{C4F72A98-F778-465B-ACE2-B3BEF56CBA2A}.release-sequential|x86.Build.0 = release-sequential|x86
		{C4F72A98-F778-465B-ACE2-B3BEF56CBA2A}.release-parallel|x86.ActiveCfg = release-parallel|x86
		{C4F72A98-F778-465B-ACE2-B3BEF56CBA2A}.release-parallel|x86.Build.0 = release-parallel|x86
	EndGlobalSection
	GlobalSection(SolutionProperties) = preSolution
		HideSolutionNode = FALSE
	EndGlobalSection
EndGlobal
